
Microsoft Visual Studio Solution File, Format Version 12.00
# Visual Studio Version 16
VisualStudioVersion = 16.0.30804.86
MinimumVisualStudioVersion = 10.0.40219.1
Project("{9A19103F-16F7-4668-BE54-9A1E7A4F7556}") = "Casestudies", "Casestudies\Casestudies.csproj", "{5DF0A794-FBAB-4EFC-B7C2-59BEB7519E87}"
EndProject
Project("{9A19103F-16F7-4668-BE54-9A1E7A4F7556}") = "ClassMetotDemo", "Day3\ClassMetotDemo.csproj", "{41A92748-FA07-4B03-9D62-A619F90B0B8E}"
EndProject
Project("{9A19103F-16F7-4668-BE54-9A1E7A4F7556}") = "MyDictonary", "MyDictonary\MyDictonary.csproj", "{F196AED1-6DC1-49A3-98CD-EC3ECC3189E5}"
EndProject
Project("{FAE04EC0-301F-11D3-BF4B-00C04F79EFBC}") = "RecapDemo", "RecapDemo\RecapDemo.csproj", "{94AD89C5-6F02-45FE-8194-6537D1CCA3ED}"
EndProject
Project("{9A19103F-16F7-4668-BE54-9A1E7A4F7556}") = "Methodss", "Methodss\Methodss.csproj", "{22F176A9-E97E-4093-87FE-93526A4DC5AD}"
EndProject
Project("{9A19103F-16F7-4668-BE54-9A1E7A4F7556}") = "ReferenceTypes", "ReferenceTypes\ReferenceTypes.csproj", "{B2E0AE07-FD0A-4C4F-B992-32C34369EC2D}"
EndProject
Project("{9A19103F-16F7-4668-BE54-9A1E7A4F7556}") = "Constructors", "Constructors\Constructors.csproj", "{1085B6BA-33D9-4FC2-9F7D-3933986FDE86}"
EndProject
Project("{9A19103F-16F7-4668-BE54-9A1E7A4F7556}") = "Generics", "Generics\Generics.csproj", "{C2F0AFEE-595F-49DE-9C16-5E30758D111A}"
EndProject
Project("{9A19103F-16F7-4668-BE54-9A1E7A4F7556}") = "Classes", "Classes\Classes.csproj", "{04506EC4-0338-4081-8D31-4836ED9F9DF2}"
EndProject
Project("{9A19103F-16F7-4668-BE54-9A1E7A4F7556}") = "Interfaces", "Interfaces\Interfaces.csproj", "{B3320DD7-362B-4FD2-9884-31EA476BC034}"
EndProject
Project("{9A19103F-16F7-4668-BE54-9A1E7A4F7556}") = "InterfacesDemo", "InterfacesDemo\InterfacesDemo.csproj", "{ED268139-49B2-4AD6-BFF9-A531729F1264}"
EndProject
Project("{FAE04EC0-301F-11D3-BF4B-00C04F79EFBC}") = "Inheritance", "Inheritance\Inheritance.csproj", "{31F8F244-0784-40F3-8D11-D1F2B6389206}"
EndProject
Global
	GlobalSection(SolutionConfigurationPlatforms) = preSolution
		Debug|Any CPU = Debug|Any CPU
		Release|Any CPU = Release|Any CPU
	EndGlobalSection
	GlobalSection(ProjectConfigurationPlatforms) = postSolution
		{5DF0A794-FBAB-4EFC-B7C2-59BEB7519E87}.Debug|Any CPU.ActiveCfg = Debug|Any CPU
		{5DF0A794-FBAB-4EFC-B7C2-59BEB7519E87}.Debug|Any CPU.Build.0 = Debug|Any CPU
		{5DF0A794-FBAB-4EFC-B7C2-59BEB7519E87}.Release|Any CPU.ActiveCfg = Release|Any CPU
		{5DF0A794-FBAB-4EFC-B7C2-59BEB7519E87}.Release|Any CPU.Build.0 = Release|Any CPU
		{41A92748-FA07-4B03-9D62-A619F90B0B8E}.Debug|Any CPU.ActiveCfg = Debug|Any CPU
		{41A92748-FA07-4B03-9D62-A619F90B0B8E}.Debug|Any CPU.Build.0 = Debug|Any CPU
		{41A92748-FA07-4B03-9D62-A619F90B0B8E}.Release|Any CPU.ActiveCfg = Release|Any CPU
		{41A92748-FA07-4B03-9D62-A619F90B0B8E}.Release|Any CPU.Build.0 = Release|Any CPU
		{F196AED1-6DC1-49A3-98CD-EC3ECC3189E5}.Debug|Any CPU.ActiveCfg = Debug|Any CPU
		{F196AED1-6DC1-49A3-98CD-EC3ECC3189E5}.Debug|Any CPU.Build.0 = Debug|Any CPU
		{F196AED1-6DC1-49A3-98CD-EC3ECC3189E5}.Release|Any CPU.ActiveCfg = Release|Any CPU
		{F196AED1-6DC1-49A3-98CD-EC3ECC3189E5}.Release|Any CPU.Build.0 = Release|Any CPU
		{94AD89C5-6F02-45FE-8194-6537D1CCA3ED}.Debug|Any CPU.ActiveCfg = Debug|Any CPU
		{94AD89C5-6F02-45FE-8194-6537D1CCA3ED}.Debug|Any CPU.Build.0 = Debug|Any CPU
		{94AD89C5-6F02-45FE-8194-6537D1CCA3ED}.Release|Any CPU.ActiveCfg = Release|Any CPU
		{94AD89C5-6F02-45FE-8194-6537D1CCA3ED}.Release|Any CPU.Build.0 = Release|Any CPU
		{22F176A9-E97E-4093-87FE-93526A4DC5AD}.Debug|Any CPU.ActiveCfg = Debug|Any CPU
		{22F176A9-E97E-4093-87FE-93526A4DC5AD}.Debug|Any CPU.Build.0 = Debug|Any CPU
		{22F176A9-E97E-4093-87FE-93526A4DC5AD}.Release|Any CPU.ActiveCfg = Release|Any CPU
		{22F176A9-E97E-4093-87FE-93526A4DC5AD}.Release|Any CPU.Build.0 = Release|Any CPU
		{B2E0AE07-FD0A-4C4F-B992-32C34369EC2D}.Debug|Any CPU.ActiveCfg = Debug|Any CPU
		{B2E0AE07-FD0A-4C4F-B992-32C34369EC2D}.Debug|Any CPU.Build.0 = Debug|Any CPU
		{B2E0AE07-FD0A-4C4F-B992-32C34369EC2D}.Release|Any CPU.ActiveCfg = Release|Any CPU
		{B2E0AE07-FD0A-4C4F-B992-32C34369EC2D}.Release|Any CPU.Build.0 = Release|Any CPU
		{1085B6BA-33D9-4FC2-9F7D-3933986FDE86}.Debug|Any CPU.ActiveCfg = Debug|Any CPU
		{1085B6BA-33D9-4FC2-9F7D-3933986FDE86}.Debug|Any CPU.Build.0 = Debug|Any CPU
		{1085B6BA-33D9-4FC2-9F7D-3933986FDE86}.Release|Any CPU.ActiveCfg = Release|Any CPU
		{1085B6BA-33D9-4FC2-9F7D-3933986FDE86}.Release|Any CPU.Build.0 = Release|Any CPU
		{C2F0AFEE-595F-49DE-9C16-5E30758D111A}.Debug|Any CPU.ActiveCfg = Debug|Any CPU
		{C2F0AFEE-595F-49DE-9C16-5E30758D111A}.Debug|Any CPU.Build.0 = Debug|Any CPU
		{C2F0AFEE-595F-49DE-9C16-5E30758D111A}.Release|Any CPU.ActiveCfg = Release|Any CPU
		{C2F0AFEE-595F-49DE-9C16-5E30758D111A}.Release|Any CPU.Build.0 = Release|Any CPU
		{04506EC4-0338-4081-8D31-4836ED9F9DF2}.Debug|Any CPU.ActiveCfg = Debug|Any CPU
		{04506EC4-0338-4081-8D31-4836ED9F9DF2}.Debug|Any CPU.Build.0 = Debug|Any CPU
		{04506EC4-0338-4081-8D31-4836ED9F9DF2}.Release|Any CPU.ActiveCfg = Release|Any CPU
		{04506EC4-0338-4081-8D31-4836ED9F9DF2}.Release|Any CPU.Build.0 = Release|Any CPU
		{B3320DD7-362B-4FD2-9884-31EA476BC034}.Debug|Any CPU.ActiveCfg = Debug|Any CPU
		{B3320DD7-362B-4FD2-9884-31EA476BC034}.Debug|Any CPU.Build.0 = Debug|Any CPU
		{B3320DD7-362B-4FD2-9884-31EA476BC034}.Release|Any CPU.ActiveCfg = Release|Any CPU
		{B3320DD7-362B-4FD2-9884-31EA476BC034}.Release|Any CPU.Build.0 = Release|Any CPU
		{ED268139-49B2-4AD6-BFF9-A531729F1264}.Debug|Any CPU.ActiveCfg = Debug|Any CPU
		{ED268139-49B2-4AD6-BFF9-A531729F1264}.Debug|Any CPU.Build.0 = Debug|Any CPU
		{ED268139-49B2-4AD6-BFF9-A531729F1264}.Release|Any CPU.ActiveCfg = Release|Any CPU
		{ED268139-49B2-4AD6-BFF9-A531729F1264}.Release|Any CPU.Build.0 = Release|Any CPU
		{31F8F244-0784-40F3-8D11-D1F2B6389206}.Debug|Any CPU.ActiveCfg = Debug|Any CPU
		{31F8F244-0784-40F3-8D11-D1F2B6389206}.Debug|Any CPU.Build.0 = Debug|Any CPU
		{31F8F244-0784-40F3-8D11-D1F2B6389206}.Release|Any CPU.ActiveCfg = Release|Any CPU
		{31F8F244-0784-40F3-8D11-D1F2B6389206}.Release|Any CPU.Build.0 = Release|Any CPU
	EndGlobalSection
	GlobalSection(SolutionProperties) = preSolution
		HideSolutionNode = FALSE
	EndGlobalSection
	GlobalSection(ExtensibilityGlobals) = postSolution
		SolutionGuid = {76F1B327-D6E4-4629-BA49-70D556B784C3}
	EndGlobalSection
EndGlobal
